
Microsoft Visual Studio Solution File, Format Version 12.00
# Visual Studio Version 17
VisualStudioVersion = 17.7.34031.279
MinimumVisualStudioVersion = 10.0.40219.1
Project("{FAE04EC0-301F-11D3-BF4B-00C04F79EFBC}") = "4. Number Contains", "4. Number Contains\4. Number Contains.csproj", "{C1F7A3A1-8310-4F63-A4C8-7B2D44F09A0B}"
EndProject
Global
	GlobalSection(SolutionConfigurationPlatforms) = preSolution
		Debug|Any CPU = Debug|Any CPU
		Release|Any CPU = Release|Any CPU
	EndGlobalSection
	GlobalSection(ProjectConfigurationPlatforms) = postSolution
		{C1F7A3A1-8310-4F63-A4C8-7B2D44F09A0B}.Debug|Any CPU.ActiveCfg = Debug|Any CPU
		{C1F7A3A1-8310-4F63-A4C8-7B2D44F09A0B}.Debug|Any CPU.Build.0 = Debug|Any CPU
		{C1F7A3A1-8310-4F63-A4C8-7B2D44F09A0B}.Release|Any CPU.ActiveCfg = Release|Any CPU
		{C1F7A3A1-8310-4F63-A4C8-7B2D44F09A0B}.Release|Any CPU.Build.0 = Release|Any CPU
	EndGlobalSection
	GlobalSection(SolutionProperties) = preSolution
		HideSolutionNode = FALSE
	EndGlobalSection
	GlobalSection(ExtensibilityGlobals) = postSolution
		SolutionGuid = {B5A14C3B-02DA-4276-9B95-58320C0192EF}
	EndGlobalSection
EndGlobal
